
Microsoft Visual Studio Solution File, Format Version 12.00
# Visual Studio Version 17
VisualStudioVersion = 17.14.36221.1
MinimumVisualStudioVersion = 10.0.40219.1
Project("{FAE04EC0-301F-11D3-BF4B-00C04F79EFBC}") = "Backend", "Backend\Backend.csproj", "{292FB8E4-4A8A-4000-AD51-47718938C483}"
EndProject
Project("{FAE04EC0-301F-11D3-BF4B-00C04F79EFBC}") = "Frontend", "Frontend\Frontend.csproj", "{3AF962FE-055E-4315-8086-D0F125827610}"
EndProject
Project("{FAE04EC0-301F-11D3-BF4B-00C04F79EFBC}") = "Api", "Backend\API\Api\Api.csproj", "{800EB018-4355-442F-9C29-9457384731BE}"
EndProject
Global
	GlobalSection(SolutionConfigurationPlatforms) = preSolution
		Debug|Any CPU = Debug|Any CPU
		Release|Any CPU = Release|Any CPU
	EndGlobalSection
	GlobalSection(ProjectConfigurationPlatforms) = postSolution
		{292FB8E4-4A8A-4000-AD51-47718938C483}.Debug|Any CPU.ActiveCfg = Debug|Any CPU
		{292FB8E4-4A8A-4000-AD51-47718938C483}.Debug|Any CPU.Build.0 = Debug|Any CPU
		{292FB8E4-4A8A-4000-AD51-47718938C483}.Release|Any CPU.ActiveCfg = Release|Any CPU
		{292FB8E4-4A8A-4000-AD51-47718938C483}.Release|Any CPU.Build.0 = Release|Any CPU
		{3AF962FE-055E-4315-8086-D0F125827610}.Debug|Any CPU.ActiveCfg = Debug|Any CPU
		{3AF962FE-055E-4315-8086-D0F125827610}.Debug|Any CPU.Build.0 = Debug|Any CPU
		{3AF962FE-055E-4315-8086-D0F125827610}.Release|Any CPU.ActiveCfg = Release|Any CPU
		{3AF962FE-055E-4315-8086-D0F125827610}.Release|Any CPU.Build.0 = Release|Any CPU
		{800EB018-4355-442F-9C29-9457384731BE}.Debug|Any CPU.ActiveCfg = Debug|Any CPU
		{800EB018-4355-442F-9C29-9457384731BE}.Debug|Any CPU.Build.0 = Debug|Any CPU
		{800EB018-4355-442F-9C29-9457384731BE}.Release|Any CPU.ActiveCfg = Release|Any CPU
		{800EB018-4355-442F-9C29-9457384731BE}.Release|Any CPU.Build.0 = Release|Any CPU
	EndGlobalSection
	GlobalSection(SolutionProperties) = preSolution
		HideSolutionNode = FALSE
	EndGlobalSection
	GlobalSection(ExtensibilityGlobals) = postSolution
		SolutionGuid = {F5A50D94-B059-4DC1-B541-59143A3E83AA}
	EndGlobalSection
EndGlobal
